
Microsoft Visual Studio Solution File, Format Version 12.00
# Visual Studio Version 16
VisualStudioVersion = 16.0.31613.86
MinimumVisualStudioVersion = 10.0.40219.1
Project("{FAE04EC0-301F-11D3-BF4B-00C04F79EFBC}") = "Media", "Media\Media.csproj", "{BF54572C-AEA2-4D5B-B236-1A68FC6D904B}"
EndProject
Project("{54435603-DBB4-11D2-8724-00A0C9A8B90C}") = "VPlayer", "VPlayer\VPlayer.vdproj", "{8239157B-85F3-4EB3-9A78-B9D84CFF480B}"
EndProject
Global
	GlobalSection(SolutionConfigurationPlatforms) = preSolution
		Debug|Any CPU = Debug|Any CPU
		Release|Any CPU = Release|Any CPU
	EndGlobalSection
	GlobalSection(ProjectConfigurationPlatforms) = postSolution
		{BF54572C-AEA2-4D5B-B236-1A68FC6D904B}.Debug|Any CPU.ActiveCfg = Debug|Any CPU
		{BF54572C-AEA2-4D5B-B236-1A68FC6D904B}.Debug|Any CPU.Build.0 = Debug|Any CPU
		{BF54572C-AEA2-4D5B-B236-1A68FC6D904B}.Release|Any CPU.ActiveCfg = Release|Any CPU
		{BF54572C-AEA2-4D5B-B236-1A68FC6D904B}.Release|Any CPU.Build.0 = Release|Any CPU
		{8239157B-85F3-4EB3-9A78-B9D84CFF480B}.Debug|Any CPU.ActiveCfg = Debug
		{8239157B-85F3-4EB3-9A78-B9D84CFF480B}.Release|Any CPU.ActiveCfg = Release
	EndGlobalSection
	GlobalSection(SolutionProperties) = preSolution
		HideSolutionNode = FALSE
	EndGlobalSection
	GlobalSection(ExtensibilityGlobals) = postSolution
		SolutionGuid = {1C9C0145-963B-44A1-8CFC-DE7B38B0AFC2}
	EndGlobalSection
EndGlobal
